
Microsoft Visual Studio Solution File, Format Version 12.00
# Visual Studio Version 17
VisualStudioVersion = 17.4.33122.133
MinimumVisualStudioVersion = 10.0.40219.1
Project("{9A19103F-16F7-4668-BE54-9A1E7A4F7556}") = "GRPCServer", "GRPCServer\GRPCServer.csproj", "{6608A8EF-C4C3-423E-B72F-05000D6EAB5C}"
EndProject
Project("{9A19103F-16F7-4668-BE54-9A1E7A4F7556}") = "GRPClient", "GRPClient\GRPClient.csproj", "{979304A8-6339-4B8F-92D9-3245F5FCA4EE}"
EndProject
Global
	GlobalSection(SolutionConfigurationPlatforms) = preSolution
		Debug|Any CPU = Debug|Any CPU
		Release|Any CPU = Release|Any CPU
	EndGlobalSection
	GlobalSection(ProjectConfigurationPlatforms) = postSolution
		{6608A8EF-C4C3-423E-B72F-05000D6EAB5C}.Debug|Any CPU.ActiveCfg = Debug|Any CPU
		{6608A8EF-C4C3-423E-B72F-05000D6EAB5C}.Debug|Any CPU.Build.0 = Debug|Any CPU
		{6608A8EF-C4C3-423E-B72F-05000D6EAB5C}.Release|Any CPU.ActiveCfg = Release|Any CPU
		{6608A8EF-C4C3-423E-B72F-05000D6EAB5C}.Release|Any CPU.Build.0 = Release|Any CPU
		{979304A8-6339-4B8F-92D9-3245F5FCA4EE}.Debug|Any CPU.ActiveCfg = Debug|Any CPU
		{979304A8-6339-4B8F-92D9-3245F5FCA4EE}.Debug|Any CPU.Build.0 = Debug|Any CPU
		{979304A8-6339-4B8F-92D9-3245F5FCA4EE}.Release|Any CPU.ActiveCfg = Release|Any CPU
		{979304A8-6339-4B8F-92D9-3245F5FCA4EE}.Release|Any CPU.Build.0 = Release|Any CPU
	EndGlobalSection
	GlobalSection(SolutionProperties) = preSolution
		HideSolutionNode = FALSE
	EndGlobalSection
	GlobalSection(ExtensibilityGlobals) = postSolution
		SolutionGuid = {02630844-3FB0-4455-94EE-36F9E5CA6B65}
	EndGlobalSection
EndGlobal
